
Microsoft Visual Studio Solution File, Format Version 12.00
# Visual Studio Version 16
VisualStudioVersion = 16.0.29424.173
MinimumVisualStudioVersion = 10.0.40219.1
Project("{FAE04EC0-301F-11D3-BF4B-00C04F79EFBC}") = "SQLiteCrud", "SQLiteCrud.csproj", "{E85C9F7D-9096-4A61-9FBF-B273D844DD5F}"
EndProject
Project("{FAE04EC0-301F-11D3-BF4B-00C04F79EFBC}") = "ConsumeSqliteCrud", "..\ConsumeSqliteCrud\ConsumeSqliteCrud.csproj", "{89432E7A-78AE-4765-A4A1-AA53CC115E6C}"
EndProject
Project("{FAE04EC0-301F-11D3-BF4B-00C04F79EFBC}") = "QueryBuilder", "..\QueryBuilder\QueryBuilder.csproj", "{2B3ADB93-3AFC-4007-ADFA-BDCF439F02AA}"
EndProject
Global
	GlobalSection(SolutionConfigurationPlatforms) = preSolution
		Debug|Any CPU = Debug|Any CPU
		Release|Any CPU = Release|Any CPU
	EndGlobalSection
	GlobalSection(ProjectConfigurationPlatforms) = postSolution
		{E85C9F7D-9096-4A61-9FBF-B273D844DD5F}.Debug|Any CPU.ActiveCfg = Debug|Any CPU
		{E85C9F7D-9096-4A61-9FBF-B273D844DD5F}.Debug|Any CPU.Build.0 = Debug|Any CPU
		{E85C9F7D-9096-4A61-9FBF-B273D844DD5F}.Release|Any CPU.ActiveCfg = Release|Any CPU
		{E85C9F7D-9096-4A61-9FBF-B273D844DD5F}.Release|Any CPU.Build.0 = Release|Any CPU
		{89432E7A-78AE-4765-A4A1-AA53CC115E6C}.Debug|Any CPU.ActiveCfg = Debug|Any CPU
		{89432E7A-78AE-4765-A4A1-AA53CC115E6C}.Debug|Any CPU.Build.0 = Debug|Any CPU
		{89432E7A-78AE-4765-A4A1-AA53CC115E6C}.Release|Any CPU.ActiveCfg = Release|Any CPU
		{89432E7A-78AE-4765-A4A1-AA53CC115E6C}.Release|Any CPU.Build.0 = Release|Any CPU
		{2B3ADB93-3AFC-4007-ADFA-BDCF439F02AA}.Debug|Any CPU.ActiveCfg = Debug|Any CPU
		{2B3ADB93-3AFC-4007-ADFA-BDCF439F02AA}.Debug|Any CPU.Build.0 = Debug|Any CPU
		{2B3ADB93-3AFC-4007-ADFA-BDCF439F02AA}.Release|Any CPU.ActiveCfg = Release|Any CPU
		{2B3ADB93-3AFC-4007-ADFA-BDCF439F02AA}.Release|Any CPU.Build.0 = Release|Any CPU
	EndGlobalSection
	GlobalSection(SolutionProperties) = preSolution
		HideSolutionNode = FALSE
	EndGlobalSection
	GlobalSection(ExtensibilityGlobals) = postSolution
		SolutionGuid = {4FB6497F-FB87-46EB-8D2B-665E84BB053A}
	EndGlobalSection
EndGlobal
